
Microsoft Visual Studio Solution File, Format Version 12.00
# Visual Studio 14
VisualStudioVersion = 14.0.25420.1
MinimumVisualStudioVersion = 10.0.40219.1
Project("{FAE04EC0-301F-11D3-BF4B-00C04F79EFBC}") = "EmbedLinkWordDoc", "EmbedLinkWordDoc\EmbedLinkWordDoc.csproj", "{0A83DF6D-9183-4B3D-BFA9-AF1EE84E54FC}"
EndProject
Global
	GlobalSection(SolutionConfigurationPlatforms) = preSolution
		Debug|Any CPU = Debug|Any CPU
		Release|Any CPU = Release|Any CPU
	EndGlobalSection
	GlobalSection(ProjectConfigurationPlatforms) = postSolution
		{0A83DF6D-9183-4B3D-BFA9-AF1EE84E54FC}.Debug|Any CPU.ActiveCfg = Debug|Any CPU
		{0A83DF6D-9183-4B3D-BFA9-AF1EE84E54FC}.Debug|Any CPU.Build.0 = Debug|Any CPU
		{0A83DF6D-9183-4B3D-BFA9-AF1EE84E54FC}.Release|Any CPU.ActiveCfg = Release|Any CPU
		{0A83DF6D-9183-4B3D-BFA9-AF1EE84E54FC}.Release|Any CPU.Build.0 = Release|Any CPU
	EndGlobalSection
	GlobalSection(SolutionProperties) = preSolution
		HideSolutionNode = FALSE
	EndGlobalSection
EndGlobal
